// !$*UTF8*$!
{
	archiveVersion = 1;
	classes = {
	};
	objectVersion = 50;
	objects = {

/* Begin PBXBuildFile section */
		04A7012E22034EFD009D28C9 /* AppDelegate.swift in Sources */ = {isa = PBXBuildFile; fileRef = 04A7012D22034EFD009D28C9 /* AppDelegate.swift */; };
		04A7013022034EFD009D28C9 /* ViewController.swift in Sources */ = {isa = PBXBuildFile; fileRef = 04A7012F22034EFD009D28C9 /* ViewController.swift */; };
		04A7013322034EFD009D28C9 /* Main.storyboard in Resources */ = {isa = PBXBuildFile; fileRef = 04A7013122034EFD009D28C9 /* Main.storyboard */; };
		04A7013522034F00009D28C9 /* Assets.xcassets in Resources */ = {isa = PBXBuildFile; fileRef = 04A7013422034F00009D28C9 /* Assets.xcassets */; };
		04A7013822034F00009D28C9 /* LaunchScreen.storyboard in Resources */ = {isa = PBXBuildFile; fileRef = 04A7013622034F00009D28C9 /* LaunchScreen.storyboard */; };
		04FBE93B2205462200EFFBFF /* Images.xcassets in Resources */ = {isa = PBXBuildFile; fileRef = 04FBE93A2205462200EFFBFF /* Images.xcassets */; };
		04FBE93F22055EEE00EFFBFF /* icon2.png in Resources */ = {isa = PBXBuildFile; fileRef = 04FBE93E22055EEE00EFFBFF /* icon2.png */; };
		E8BC28BE3C94593EFD382155 /* Pods_WebViewSample.framework in Frameworks */ = {isa = PBXBuildFile; fileRef = 7B98F9EE5D0C3E92614F6540 /* Pods_WebViewSample.framework */; settings = {ATTRIBUTES = (Required, ); }; };
/* End PBXBuildFile section */

/* Begin PBXFileReference section */
		04A7012A22034EFD009D28C9 /* WebViewSample.app */ = {isa = PBXFileReference; explicitFileType = wrapper.application; includeInIndex = 0; path = WebViewSample.app; sourceTree = BUILT_PRODUCTS_DIR; };
		04A7012D22034EFD009D28C9 /* AppDelegate.swift */ = {isa = PBXFileReference; lastKnownFileType = sourcecode.swift; path = AppDelegate.swift; sourceTree = "<group>"; };
		04A7012F22034EFD009D28C9 /* ViewController.swift */ = {isa = PBXFileReference; lastKnownFileType = sourcecode.swift; path = ViewController.swift; sourceTree = "<group>"; };
		04A7013222034EFD009D28C9 /* Base */ = {isa = PBXFileReference; lastKnownFileType = file.storyboard; name = Base; path = Base.lproj/Main.storyboard; sourceTree = "<group>"; };
		04A7013422034F00009D28C9 /* Assets.xcassets */ = {isa = PBXFileReference; lastKnownFileType = folder.assetcatalog; path = Assets.xcassets; sourceTree = "<group>"; };
		04A7013722034F00009D28C9 /* Base */ = {isa = PBXFileReference; lastKnownFileType = file.storyboard; name = Base; path = Base.lproj/LaunchScreen.storyboard; sourceTree = "<group>"; };
		04A7013922034F00009D28C9 /* Info.plist */ = {isa = PBXFileReference; lastKnownFileType = text.plist.xml; path = Info.plist; sourceTree = "<group>"; };
		04FBE93A2205462200EFFBFF /* Images.xcassets */ = {isa = PBXFileReference; lastKnownFileType = folder.assetcatalog; path = Images.xcassets; sourceTree = "<group>"; };
		04FBE93E22055EEE00EFFBFF /* icon2.png */ = {isa = PBXFileReference; lastKnownFileType = image.png; path = icon2.png; sourceTree = "<group>"; };
		2527D8877319B4F8E747DD05 /* Pods-WebViewSample.release.xcconfig */ = {isa = PBXFileReference; includeInIndex = 1; lastKnownFileType = text.xcconfig; name = "Pods-WebViewSample.release.xcconfig"; path = "Pods/Target Support Files/Pods-WebViewSample/Pods-WebViewSample.release.xcconfig"; sourceTree = "<group>"; };
		7B98F9EE5D0C3E92614F6540 /* Pods_WebViewSample.framework */ = {isa = PBXFileReference; explicitFileType = wrapper.framework; includeInIndex = 0; path = Pods_WebViewSample.framework; sourceTree = BUILT_PRODUCTS_DIR; };
		C010DFDE46475B744DDBB74C /* Pods-WebViewSample.debug.xcconfig */ = {isa = PBXFileReference; includeInIndex = 1; lastKnownFileType = text.xcconfig; name = "Pods-WebViewSample.debug.xcconfig"; path = "Pods/Target Support Files/Pods-WebViewSample/Pods-WebViewSample.debug.xcconfig"; sourceTree = "<group>"; };
/* End PBXFileReference section */

/* Begin PBXFrameworksBuildPhase section */
		04A7012722034EFD009D28C9 /* Frameworks */ = {
			isa = PBXFrameworksBuildPhase;
			buildActionMask = 2147483647;
			files = (
				E8BC28BE3C94593EFD382155 /* Pods_WebViewSample.framework in Frameworks */,
			);
			runOnlyForDeploymentPostprocessing = 0;
		};
/* End PBXFrameworksBuildPhase section */

/* Begin PBXGroup section */
		04A7012122034EFD009D28C9 = {
			isa = PBXGroup;
			children = (
				04A7012C22034EFD009D28C9 /* WebViewSample */,
				04A7012B22034EFD009D28C9 /* Products */,
				1D44CDE3C0419937A837AA56 /* Pods */,
				19964A61872F189E7B956266 /* Frameworks */,
			);
			sourceTree = "<group>";
		};
		04A7012B22034EFD009D28C9 /* Products */ = {
			isa = PBXGroup;
			children = (
				04A7012A22034EFD009D28C9 /* WebViewSample.app */,
			);
			name = Products;
			sourceTree = "<group>";
		};
		04A7012C22034EFD009D28C9 /* WebViewSample */ = {
			isa = PBXGroup;
			children = (
				04A7012D22034EFD009D28C9 /* AppDelegate.swift */,
				04A7012F22034EFD009D28C9 /* ViewController.swift */,
				04A7013122034EFD009D28C9 /* Main.storyboard */,
				04A7013422034F00009D28C9 /* Assets.xcassets */,
				04A7013622034F00009D28C9 /* LaunchScreen.storyboard */,
				04A7013922034F00009D28C9 /* Info.plist */,
				04FBE94022055EFF00EFFBFF /* image */,
				04FBE93A2205462200EFFBFF /* Images.xcassets */,
			);
			path = WebViewSample;
			sourceTree = "<group>";
		};
		04FBE94022055EFF00EFFBFF /* image */ = {
			isa = PBXGroup;
			children = (
				04FBE93E22055EEE00EFFBFF /* icon2.png */,
			);
			path = image;
			sourceTree = "<group>";
		};
		19964A61872F189E7B956266 /* Frameworks */ = {
			isa = PBXGroup;
			children = (
				7B98F9EE5D0C3E92614F6540 /* Pods_WebViewSample.framework */,
			);
			name = Frameworks;
			sourceTree = "<group>";
		};
		1D44CDE3C0419937A837AA56 /* Pods */ = {
			isa = PBXGroup;
			children = (
				C010DFDE46475B744DDBB74C /* Pods-WebViewSample.debug.xcconfig */,
				2527D8877319B4F8E747DD05 /* Pods-WebViewSample.release.xcconfig */,
			);
			name = Pods;
			sourceTree = "<group>";
		};
/* End PBXGroup section */

/* Begin PBXNativeTarget section */
		04A7012922034EFD009D28C9 /* WebViewSample */ = {
			isa = PBXNativeTarget;
			buildConfigurationList = 04A7013C22034F00009D28C9 /* Build configuration list for PBXNativeTarget "WebViewSample" */;
			buildPhases = (
				BB6010E939E24FE8368A6A35 /* [CP] Check Pods Manifest.lock */,
				04A7012622034EFD009D28C9 /* Sources */,
				04A7012722034EFD009D28C9 /* Frameworks */,
				04A7012822034EFD009D28C9 /* Resources */,
				21BAFC3DB0759B0200F990BE /* [CP] Embed Pods Frameworks */,
			);
			buildRules = (
			);
			dependencies = (
			);
			name = WebViewSample;
			productName = WebViewSample;
			productReference = 04A7012A22034EFD009D28C9 /* WebViewSample.app */;
			productType = "com.apple.product-type.application";
		};
/* End PBXNativeTarget section */

/* Begin PBXProject section */
		04A7012222034EFD009D28C9 /* Project object */ = {
			isa = PBXProject;
			attributes = {
				LastSwiftUpdateCheck = 0940;
				LastUpgradeCheck = 0940;
				ORGANIZATIONNAME = Champs21.com;
				TargetAttributes = {
					04A7012922034EFD009D28C9 = {
						CreatedOnToolsVersion = 9.4.1;
					};
				};
			};
			buildConfigurationList = 04A7012522034EFD009D28C9 /* Build configuration list for PBXProject "WebViewSample" */;
			compatibilityVersion = "Xcode 9.3";
			developmentRegion = en;
			hasScannedForEncodings = 0;
			knownRegions = (
				en,
				Base,
			);
			mainGroup = 04A7012122034EFD009D28C9;
			productRefGroup = 04A7012B22034EFD009D28C9 /* Products */;
			projectDirPath = "";
			projectRoot = "";
			targets = (
				04A7012922034EFD009D28C9 /* WebViewSample */,
			);
		};
/* End PBXProject section */

/* Begin PBXResourcesBuildPhase section */
		04A7012822034EFD009D28C9 /* Resources */ = {
			isa = PBXResourcesBuildPhase;
			buildActionMask = 2147483647;
			files = (
				04A7013822034F00009D28C9 /* LaunchScreen.storyboard in Resources */,
				04FBE93F22055EEE00EFFBFF /* icon2.png in Resources */,
				04FBE93B2205462200EFFBFF /* Images.xcassets in Resources */,
				04A7013522034F00009D28C9 /* Assets.xcassets in Resources */,
				04A7013322034EFD009D28C9 /* Main.storyboard in Resources */,
			);
			runOnlyForDeploymentPostprocessing = 0;
		};
/* End PBXResourcesBuildPhase section */

/* Begin PBXShellScriptBuildPhase section */
		21BAFC3DB0759B0200F990BE /* [CP] Embed Pods Frameworks */ = {
			isa = PBXShellScriptBuildPhase;
			buildActionMask = 2147483647;
			files = (
			);
			inputPaths = (
				"${SRCROOT}/Pods/Target Support Files/Pods-WebViewSample/Pods-WebViewSample-frameworks.sh",
				"${BUILT_PRODUCTS_DIR}/Alamofire/Alamofire.framework",
			);
			name = "[CP] Embed Pods Frameworks";
			outputPaths = (
				"${TARGET_BUILD_DIR}/${FRAMEWORKS_FOLDER_PATH}/Alamofire.framework",
			);
			runOnlyForDeploymentPostprocessing = 0;
			shellPath = /bin/sh;
			shellScript = "\"${SRCROOT}/Pods/Target Support Files/Pods-WebViewSample/Pods-WebViewSample-frameworks.sh\"\n";
			showEnvVarsInLog = 0;
		};
		BB6010E939E24FE8368A6A35 /* [CP] Check Pods Manifest.lock */ = {
			isa = PBXShellScriptBuildPhase;
			buildActionMask = 2147483647;
			files = (
			);
			inputPaths = (
				"${PODS_PODFILE_DIR_PATH}/Podfile.lock",
				"${PODS_ROOT}/Manifest.lock",
			);
			name = "[CP] Check Pods Manifest.lock";
			outputPaths = (
				"$(DERIVED_FILE_DIR)/Pods-WebViewSample-checkManifestLockResult.txt",
			);
			runOnlyForDeploymentPostprocessing = 0;
			shellPath = /bin/sh;
			shellScript = "diff \"${PODS_PODFILE_DIR_PATH}/Podfile.lock\" \"${PODS_ROOT}/Manifest.lock\" > /dev/null\nif [ $? != 0 ] ; then\n    # print error to STDERR\n    echo \"error: The sandbox is not in sync with the Podfile.lock. Run 'pod install' or update your CocoaPods installation.\" >&2\n    exit 1\nfi\n# This output is used by Xcode 'outputs' to avoid re-running this script phase.\necho \"SUCCESS\" > \"${SCRIPT_OUTPUT_FILE_0}\"\n";
			showEnvVarsInLog = 0;
		};
/* End PBXShellScriptBuildPhase section */

/* Begin PBXSourcesBuildPhase section */
		04A7012622034EFD009D28C9 /* Sources */ = {
			isa = PBXSourcesBuildPhase;
			buildActionMask = 2147483647;
			files = (
				04A7013022034EFD009D28C9 /* ViewController.swift in Sources */,
				04A7012E22034EFD009D28C9 /* AppDelegate.swift in Sources */,
			);
			runOnlyForDeploymentPostprocessing = 0;
		};
/* End PBXSourcesBuildPhase section */

/* Begin PBXVariantGroup section */
		04A7013122034EFD009D28C9 /* Main.storyboard */ = {
			isa = PBXVariantGroup;
			children = (
				04A7013222034EFD009D28C9 /* Base */,
			);
			name = Main.storyboard;
			sourceTree = "<group>";
		};
		04A7013622034F00009D28C9 /* LaunchScreen.storyboard */ = {
			isa = PBXVariantGroup;
			children = (
				04A7013722034F00009D28C9 /* Base */,
			);
			name = LaunchScreen.storyboard;
			sourceTree = "<group>";
		};
/* End PBXVariantGroup section */

/* Begin XCBuildConfiguration section */
		04A7013A22034F00009D28C9 /* Debug */ = {
			isa = XCBuildConfiguration;
			buildSettings = {
				ALWAYS_SEARCH_USER_PATHS = NO;
				CLANG_ANALYZER_NONNULL = YES;
				CLANG_ANALYZER_NUMBER_OBJECT_CONVERSION = YES_AGGRESSIVE;
				CLANG_CXX_LANGUAGE_STANDARD = "gnu++14";
				CLANG_CXX_LIBRARY = "libc++";
				CLANG_ENABLE_MODULES = YES;
				CLANG_ENABLE_OBJC_ARC = YES;
				CLANG_ENABLE_OBJC_WEAK = YES;
				CLANG_WARN_BLOCK_CAPTURE_AUTORELEASING = YES;
				CLANG_WARN_BOOL_CONVERSION = YES;
				CLANG_WARN_COMMA = YES;
				CLANG_WARN_CONSTANT_CONVERSION = YES;
				CLANG_WARN_DEPRECATED_OBJC_IMPLEMENTATIONS = YES;
				CLANG_WARN_DIRECT_OBJC_ISA_USAGE = YES_ERROR;
				CLANG_WARN_DOCUMENTATION_COMMENTS = YES;
				CLANG_WARN_EMPTY_BODY = YES;
				CLANG_WARN_ENUM_CONVERSION = YES;
				CLANG_WARN_INFINITE_RECURSION = YES;
				CLANG_WARN_INT_CONVERSION = YES;
				CLANG_WARN_NON_LITERAL_NULL_CONVERSION = YES;
				CLANG_WARN_OBJC_IMPLICIT_RETAIN_SELF = YES;
				CLANG_WARN_OBJC_LITERAL_CONVERSION = YES;
				CLANG_WARN_OBJC_ROOT_CLASS = YES_ERROR;
				CLANG_WARN_RANGE_LOOP_ANALYSIS = YES;
				CLANG_WARN_STRICT_PROTOTYPES = YES;
				CLANG_WARN_SUSPICIOUS_MOVE = YES;
				CLANG_WARN_UNGUARDED_AVAILABILITY = YES_AGGRESSIVE;
				CLANG_WARN_UNREACHABLE_CODE = YES;
				CLANG_WARN__DUPLICATE_METHOD_MATCH = YES;
				CODE_SIGN_IDENTITY = "iPhone Developer";
				COPY_PHASE_STRIP = NO;
				DEBUG_INFORMATION_FORMAT = dwarf;
				ENABLE_STRICT_OBJC_MSGSEND = YES;
				ENABLE_TESTABILITY = YES;
				GCC_C_LANGUAGE_STANDARD = gnu11;
				GCC_DYNAMIC_NO_PIC = NO;
				GCC_NO_COMMON_BLOCKS = YES;
				GCC_OPTIMIZATION_LEVEL = 0;
				GCC_PREPROCESSOR_DEFINITIONS = (
					"DEBUG=1",
					"$(inherited)",
				);
				GCC_WARN_64_TO_32_BIT_CONVERSION = YES;
				GCC_WARN_ABOUT_RETURN_TYPE = YES_ERROR;
				GCC_WARN_UNDECLARED_SELECTOR = YES;
				GCC_WARN_UNINITIALIZED_AUTOS = YES_AGGRESSIVE;
				GCC_WARN_UNUSED_FUNCTION = YES;
				GCC_WARN_UNUSED_VARIABLE = YES;
				IPHONEOS_DEPLOYMENT_TARGET = 10.3;
				MTL_ENABLE_DEBUG_INFO = YES;
				ONLY_ACTIVE_ARCH = YES;
				SDKROOT = iphoneos;
				SWIFT_ACTIVE_COMPILATION_CONDITIONS = DEBUG;
				SWIFT_OPTIMIZATION_LEVEL = "-Onone";
			};
			name = Debug;
		};
		04A7013B22034F00009D28C9 /* Release */ = {
			isa = XCBuildConfiguration;
			buildSettings = {
				ALWAYS_SEARCH_USER_PATHS = NO;
				CLANG_ANALYZER_NONNULL = YES;
				CLANG_ANALYZER_NUMBER_OBJECT_CONVERSION = YES_AGGRESSIVE;
				CLANG_CXX_LANGUAGE_STANDARD = "gnu++14";
				CLANG_CXX_LIBRARY = "libc++";
				CLANG_ENABLE_MODULES = YES;
				CLANG_ENABLE_OBJC_ARC = YES;
				CLANG_ENABLE_OBJC_WEAK = YES;
				CLANG_WARN_BLOCK_CAPTURE_AUTORELEASING = YES;
				CLANG_WARN_BOOL_CONVERSION = YES;
				CLANG_WARN_COMMA = YES;
				CLANG_WARN_CONSTANT_CONVERSION = YES;
				CLANG_WARN_DEPRECATED_OBJC_IMPLEMENTATIONS = YES;
				CLANG_WARN_DIRECT_OBJC_ISA_USAGE = YES_ERROR;
				CLANG_WARN_DOCUMENTATION_COMMENTS = YES;
				CLANG_WARN_EMPTY_BODY = YES;
				CLANG_WARN_ENUM_CONVERSION = YES;
				CLANG_WARN_INFINITE_RECURSION = YES;
				CLANG_WARN_INT_CONVERSION = YES;
				CLANG_WARN_NON_LITERAL_NULL_CONVERSION = YES;
				CLANG_WARN_OBJC_IMPLICIT_RETAIN_SELF = YES;
				CLANG_WARN_OBJC_LITERAL_CONVERSION = YES;
				CLANG_WARN_OBJC_ROOT_CLASS = YES_ERROR;
				CLANG_WARN_RANGE_LOOP_ANALYSIS = YES;
				CLANG_WARN_STRICT_PROTOTYPES = YES;
				CLANG_WARN_SUSPICIOUS_MOVE = YES;
				CLANG_WARN_UNGUARDED_AVAILABILITY = YES_AGGRESSIVE;
				CLANG_WARN_UNREACHABLE_CODE = YES;
				CLANG_WARN__DUPLICATE_METHOD_MATCH = YES;
				CODE_SIGN_IDENTITY = "iPhone Developer";
				COPY_PHASE_STRIP = NO;
				DEBUG_INFORMATION_FORMAT = "dwarf-with-dsym";
				ENABLE_NS_ASSERTIONS = NO;
				ENABLE_STRICT_OBJC_MSGSEND = YES;
				GCC_C_LANGUAGE_STANDARD = gnu11;
				GCC_NO_COMMON_BLOCKS = YES;
				GCC_WARN_64_TO_32_BIT_CONVERSION = YES;
				GCC_WARN_ABOUT_RETURN_TYPE = YES_ERROR;
				GCC_WARN_UNDECLARED_SELECTOR = YES;
				GCC_WARN_UNINITIALIZED_AUTOS = YES_AGGRESSIVE;
				GCC_WARN_UNUSED_FUNCTION = YES;
				GCC_WARN_UNUSED_VARIABLE = YES;
				IPHONEOS_DEPLOYMENT_TARGET = 10.3;
				MTL_ENABLE_DEBUG_INFO = NO;
				SDKROOT = iphoneos;
				SWIFT_COMPILATION_MODE = wholemodule;
				SWIFT_OPTIMIZATION_LEVEL = "-O";
				VALIDATE_PRODUCT = YES;
			};
			name = Release;
		};
		04A7013D22034F00009D28C9 /* Debug */ = {
			isa = XCBuildConfiguration;
			baseConfigurationReference = C010DFDE46475B744DDBB74C /* Pods-WebViewSample.debug.xcconfig */;
			buildSettings = {
				ASSETCATALOG_COMPILER_APPICON_NAME = AppIcon;
				ASSETCATALOG_COMPILER_LAUNCHIMAGE_NAME = LaunchImage;
				CODE_SIGN_STYLE = Automatic;
				DEVELOPMENT_TEAM = XXUYA6CP2K;
				INFOPLIST_FILE = WebViewSample/Info.plist;
				LD_RUNPATH_SEARCH_PATHS = (
					"$(inherited)",
					"@executable_path/Frameworks",
				);
				PRODUCT_BUNDLE_IDENTIFIER = com.champs.teamcreative.WebViewSample;
				PRODUCT_NAME = "$(TARGET_NAME)";
				SWIFT_VERSION = 4.0;
				TARGETED_DEVICE_FAMILY = "1,2";
			};
			name = Debug;
		};
		04A7013E22034F00009D28C9 /* Release */ = {
			isa = XCBuildConfiguration;
			baseConfigurationReference = 2527D8877319B4F8E747DD05 /* Pods-WebViewSample.release.xcconfig */;
			buildSettings = {
				ASSETCATALOG_COMPILER_APPICON_NAME = AppIcon;
				ASSETCATALOG_COMPILER_LAUNCHIMAGE_NAME = LaunchImage;
				CODE_SIGN_STYLE = Automatic;
				DEVELOPMENT_TEAM = XXUYA6CP2K;
				INFOPLIST_FILE = WebViewSample/Info.plist;
				LD_RUNPATH_SEARCH_PATHS = (
					"$(inherited)",
					"@executable_path/Frameworks",
				);
				PRODUCT_BUNDLE_IDENTIFIER = com.champs.teamcreative.WebViewSample;
				PRODUCT_NAME = "$(TARGET_NAME)";
				SWIFT_VERSION = 4.0;
				TARGETED_DEVICE_FAMILY = "1,2";
			};
			name = Release;
		};
/* End XCBuildConfiguration section */

/* Begin XCConfigurationList section */
		04A7012522034EFD009D28C9 /* Build configuration list for PBXProject "WebViewSample" */ = {
			isa = XCConfigurationList;
			buildConfigurations = (
				04A7013A22034F00009D28C9 /* Debug */,
				04A7013B22034F00009D28C9 /* Release */,
			);
			defaultConfigurationIsVisible = 0;
			defaultConfigurationName = Release;
		};
		04A7013C22034F00009D28C9 /* Build configuration list for PBXNativeTarget "WebViewSample" */ = {
			isa = XCConfigurationList;
			buildConfigurations = (
				04A7013D22034F00009D28C9 /* Debug */,
				04A7013E22034F00009D28C9 /* Release */,
			);
			defaultConfigurationIsVisible = 0;
			defaultConfigurationName = Release;
		};
/* End XCConfigurationList section */
	};
	rootObject = 04A7012222034EFD009D28C9 /* Project object */;
}
